
Microsoft Visual Studio Solution File, Format Version 12.00
# Visual Studio Version 16
VisualStudioVersion = 16.0.31727.386
MinimumVisualStudioVersion = 10.0.40219.1
Project("{FAE04EC0-301F-11D3-BF4B-00C04F79EFBC}") = "Webblog", "Webblog.csproj", "{D2F07DAC-E57D-451A-98AC-3651825BE152}"
EndProject
Global
	GlobalSection(SolutionConfigurationPlatforms) = preSolution
		Debug|Any CPU = Debug|Any CPU
		Release|Any CPU = Release|Any CPU
	EndGlobalSection
	GlobalSection(ProjectConfigurationPlatforms) = postSolution
		{D2F07DAC-E57D-451A-98AC-3651825BE152}.Debug|Any CPU.ActiveCfg = Debug|Any CPU
		{D2F07DAC-E57D-451A-98AC-3651825BE152}.Debug|Any CPU.Build.0 = Debug|Any CPU
		{D2F07DAC-E57D-451A-98AC-3651825BE152}.Release|Any CPU.ActiveCfg = Release|Any CPU
		{D2F07DAC-E57D-451A-98AC-3651825BE152}.Release|Any CPU.Build.0 = Release|Any CPU
	EndGlobalSection
	GlobalSection(SolutionProperties) = preSolution
		HideSolutionNode = FALSE
	EndGlobalSection
	GlobalSection(ExtensibilityGlobals) = postSolution
		SolutionGuid = {0AE9EF39-0114-4EB1-91AC-FC232C75E69D}
	EndGlobalSection
EndGlobal
